
Microsoft Visual Studio Solution File, Format Version 12.00
# Visual Studio Version 17
VisualStudioVersion = 17.8.34316.72
MinimumVisualStudioVersion = 10.0.40219.1
Project("{FAE04EC0-301F-11D3-BF4B-00C04F79EFBC}") = "REST_API_TEMPLATE", "REST_API_TEMPLATE\REST_API_TEMPLATE.csproj", "{55557E34-0DA1-45E3-B32E-959913F71EAA}"
EndProject
Global
	GlobalSection(SolutionConfigurationPlatforms) = preSolution
		Debug|Any CPU = Debug|Any CPU
		Release|Any CPU = Release|Any CPU
	EndGlobalSection
	GlobalSection(ProjectConfigurationPlatforms) = postSolution
		{55557E34-0DA1-45E3-B32E-959913F71EAA}.Debug|Any CPU.ActiveCfg = Debug|Any CPU
		{55557E34-0DA1-45E3-B32E-959913F71EAA}.Debug|Any CPU.Build.0 = Debug|Any CPU
		{55557E34-0DA1-45E3-B32E-959913F71EAA}.Release|Any CPU.ActiveCfg = Release|Any CPU
		{55557E34-0DA1-45E3-B32E-959913F71EAA}.Release|Any CPU.Build.0 = Release|Any CPU
	EndGlobalSection
	GlobalSection(SolutionProperties) = preSolution
		HideSolutionNode = FALSE
	EndGlobalSection
	GlobalSection(ExtensibilityGlobals) = postSolution
		SolutionGuid = {4A59E6E7-0379-4E45-879C-C68071BFB469}
	EndGlobalSection
EndGlobal
